
Microsoft Visual Studio Solution File, Format Version 12.00
# Visual Studio 15
VisualStudioVersion = 15.0.28307.572
MinimumVisualStudioVersion = 10.0.40219.1
Project("{FAE04EC0-301F-11D3-BF4B-00C04F79EFBC}") = "SW_MonsterTool", "SW_MonsterTool\SW_MonsterTool.csproj", "{934DB9B4-4463-431E-8FE0-42A50A8C91A6}"
EndProject
Global
	GlobalSection(SolutionConfigurationPlatforms) = preSolution
		Debug|Any CPU = Debug|Any CPU
		Release|Any CPU = Release|Any CPU
	EndGlobalSection
	GlobalSection(ProjectConfigurationPlatforms) = postSolution
		{934DB9B4-4463-431E-8FE0-42A50A8C91A6}.Debug|Any CPU.ActiveCfg = Debug|Any CPU
		{934DB9B4-4463-431E-8FE0-42A50A8C91A6}.Debug|Any CPU.Build.0 = Debug|Any CPU
		{934DB9B4-4463-431E-8FE0-42A50A8C91A6}.Release|Any CPU.ActiveCfg = Release|Any CPU
		{934DB9B4-4463-431E-8FE0-42A50A8C91A6}.Release|Any CPU.Build.0 = Release|Any CPU
	EndGlobalSection
	GlobalSection(SolutionProperties) = preSolution
		HideSolutionNode = FALSE
	EndGlobalSection
	GlobalSection(ExtensibilityGlobals) = postSolution
		SolutionGuid = {BCF5C217-F818-460C-B886-632D9310A28B}
	EndGlobalSection
EndGlobal
